
Microsoft Visual Studio Solution File, Format Version 12.00
# Visual Studio Version 16
VisualStudioVersion = 16.0.29613.14
MinimumVisualStudioVersion = 10.0.40219.1
Project("{FAE04EC0-301F-11D3-BF4B-00C04F79EFBC}") = "Clock", "Clock\Clock.csproj", "{C5967EE8-219B-4C08-B0B2-7CB4E3C86A3C}"
EndProject
Global
	GlobalSection(SolutionConfigurationPlatforms) = preSolution
		Debug|Any CPU = Debug|Any CPU
		Release|Any CPU = Release|Any CPU
	EndGlobalSection
	GlobalSection(ProjectConfigurationPlatforms) = postSolution
		{C5967EE8-219B-4C08-B0B2-7CB4E3C86A3C}.Debug|Any CPU.ActiveCfg = Debug|Any CPU
		{C5967EE8-219B-4C08-B0B2-7CB4E3C86A3C}.Debug|Any CPU.Build.0 = Debug|Any CPU
		{C5967EE8-219B-4C08-B0B2-7CB4E3C86A3C}.Release|Any CPU.ActiveCfg = Release|Any CPU
		{C5967EE8-219B-4C08-B0B2-7CB4E3C86A3C}.Release|Any CPU.Build.0 = Release|Any CPU
	EndGlobalSection
	GlobalSection(SolutionProperties) = preSolution
		HideSolutionNode = FALSE
	EndGlobalSection
	GlobalSection(ExtensibilityGlobals) = postSolution
		SolutionGuid = {E39957D8-8951-4095-BE85-3B1CB9E69920}
	EndGlobalSection
EndGlobal
